
Microsoft Visual Studio Solution File, Format Version 12.00
# Visual Studio Version 17
VisualStudioVersion = 17.11.35222.181
MinimumVisualStudioVersion = 10.0.40219.1
Project("{FAE04EC0-301F-11D3-BF4B-00C04F79EFBC}") = "Budget", "Budget\Budget.csproj", "{5C292E2E-597A-4593-B603-CD3E65E2C8EF}"
EndProject
Project("{2150E333-8FDC-42A3-9474-1A3956D46DE8}") = "Api", "Api", "{D0D567FC-BC3F-4C30-975F-006EC9A11FD5}"
EndProject
Project("{2150E333-8FDC-42A3-9474-1A3956D46DE8}") = "Aplication", "Aplication", "{92C3561D-C60B-4860-8FA0-DF03E79C337A}"
EndProject
Project("{2150E333-8FDC-42A3-9474-1A3956D46DE8}") = "Domain", "Domain", "{190E2CEB-9CFB-48B9-89BF-0023DD962AC8}"
EndProject
Project("{2150E333-8FDC-42A3-9474-1A3956D46DE8}") = "Infrastructure", "Infrastructure", "{95E8F585-E1C2-4D9B-9D3B-089E5E302D0A}"
EndProject
Project("{FAE04EC0-301F-11D3-BF4B-00C04F79EFBC}") = "Application", "Application\Application.csproj", "{441CAA8B-8A67-4A57-863B-DE096F05E2DD}"
EndProject
Project("{FAE04EC0-301F-11D3-BF4B-00C04F79EFBC}") = "Domain", "Domain\Domain.csproj", "{C426F481-A37F-4BF4-99BB-75DA519BF930}"
EndProject
Project("{FAE04EC0-301F-11D3-BF4B-00C04F79EFBC}") = "Infrastructure", "Infrastructure\Infrastructure.csproj", "{92750591-C616-47AE-A063-BEF4B1E430C7}"
EndProject
Project("{FAE04EC0-301F-11D3-BF4B-00C04F79EFBC}") = "Persistance", "Persistance\Persistance.csproj", "{A2510774-549B-42BA-8462-B0AA9BAF73D1}"
EndProject
Global
	GlobalSection(SolutionConfigurationPlatforms) = preSolution
		Debug|Any CPU = Debug|Any CPU
		Release|Any CPU = Release|Any CPU
	EndGlobalSection
	GlobalSection(ProjectConfigurationPlatforms) = postSolution
		{5C292E2E-597A-4593-B603-CD3E65E2C8EF}.Debug|Any CPU.ActiveCfg = Debug|Any CPU
		{5C292E2E-597A-4593-B603-CD3E65E2C8EF}.Debug|Any CPU.Build.0 = Debug|Any CPU
		{5C292E2E-597A-4593-B603-CD3E65E2C8EF}.Release|Any CPU.ActiveCfg = Release|Any CPU
		{5C292E2E-597A-4593-B603-CD3E65E2C8EF}.Release|Any CPU.Build.0 = Release|Any CPU
		{441CAA8B-8A67-4A57-863B-DE096F05E2DD}.Debug|Any CPU.ActiveCfg = Debug|Any CPU
		{441CAA8B-8A67-4A57-863B-DE096F05E2DD}.Debug|Any CPU.Build.0 = Debug|Any CPU
		{441CAA8B-8A67-4A57-863B-DE096F05E2DD}.Release|Any CPU.ActiveCfg = Release|Any CPU
		{441CAA8B-8A67-4A57-863B-DE096F05E2DD}.Release|Any CPU.Build.0 = Release|Any CPU
		{C426F481-A37F-4BF4-99BB-75DA519BF930}.Debug|Any CPU.ActiveCfg = Debug|Any CPU
		{C426F481-A37F-4BF4-99BB-75DA519BF930}.Debug|Any CPU.Build.0 = Debug|Any CPU
		{C426F481-A37F-4BF4-99BB-75DA519BF930}.Release|Any CPU.ActiveCfg = Release|Any CPU
		{C426F481-A37F-4BF4-99BB-75DA519BF930}.Release|Any CPU.Build.0 = Release|Any CPU
		{92750591-C616-47AE-A063-BEF4B1E430C7}.Debug|Any CPU.ActiveCfg = Debug|Any CPU
		{92750591-C616-47AE-A063-BEF4B1E430C7}.Debug|Any CPU.Build.0 = Debug|Any CPU
		{92750591-C616-47AE-A063-BEF4B1E430C7}.Release|Any CPU.ActiveCfg = Release|Any CPU
		{92750591-C616-47AE-A063-BEF4B1E430C7}.Release|Any CPU.Build.0 = Release|Any CPU
		{A2510774-549B-42BA-8462-B0AA9BAF73D1}.Debug|Any CPU.ActiveCfg = Debug|Any CPU
		{A2510774-549B-42BA-8462-B0AA9BAF73D1}.Debug|Any CPU.Build.0 = Debug|Any CPU
		{A2510774-549B-42BA-8462-B0AA9BAF73D1}.Release|Any CPU.ActiveCfg = Release|Any CPU
		{A2510774-549B-42BA-8462-B0AA9BAF73D1}.Release|Any CPU.Build.0 = Release|Any CPU
	EndGlobalSection
	GlobalSection(SolutionProperties) = preSolution
		HideSolutionNode = FALSE
	EndGlobalSection
	GlobalSection(NestedProjects) = preSolution
		{5C292E2E-597A-4593-B603-CD3E65E2C8EF} = {D0D567FC-BC3F-4C30-975F-006EC9A11FD5}
		{441CAA8B-8A67-4A57-863B-DE096F05E2DD} = {92C3561D-C60B-4860-8FA0-DF03E79C337A}
		{C426F481-A37F-4BF4-99BB-75DA519BF930} = {190E2CEB-9CFB-48B9-89BF-0023DD962AC8}
		{92750591-C616-47AE-A063-BEF4B1E430C7} = {95E8F585-E1C2-4D9B-9D3B-089E5E302D0A}
		{A2510774-549B-42BA-8462-B0AA9BAF73D1} = {95E8F585-E1C2-4D9B-9D3B-089E5E302D0A}
	EndGlobalSection
	GlobalSection(ExtensibilityGlobals) = postSolution
		SolutionGuid = {6C4AD692-8665-4669-A737-E612177CB8CA}
	EndGlobalSection
EndGlobal
